
Microsoft Visual Studio Solution File, Format Version 12.00
# Visual Studio Version 17
VisualStudioVersion = 17.5.33530.505
MinimumVisualStudioVersion = 10.0.40219.1
Project("{FAE04EC0-301F-11D3-BF4B-00C04F79EFBC}") = "CSharp_Tasks", "CSharp_Tasks\CSharp_Tasks.csproj", "{76406F6C-A831-42AB-8313-3AB47125574A}"
EndProject
Global
	GlobalSection(SolutionConfigurationPlatforms) = preSolution
		Debug|Any CPU = Debug|Any CPU
		Release|Any CPU = Release|Any CPU
	EndGlobalSection
	GlobalSection(ProjectConfigurationPlatforms) = postSolution
		{76406F6C-A831-42AB-8313-3AB47125574A}.Debug|Any CPU.ActiveCfg = Debug|Any CPU
		{76406F6C-A831-42AB-8313-3AB47125574A}.Debug|Any CPU.Build.0 = Debug|Any CPU
		{76406F6C-A831-42AB-8313-3AB47125574A}.Release|Any CPU.ActiveCfg = Release|Any CPU
		{76406F6C-A831-42AB-8313-3AB47125574A}.Release|Any CPU.Build.0 = Release|Any CPU
	EndGlobalSection
	GlobalSection(SolutionProperties) = preSolution
		HideSolutionNode = FALSE
	EndGlobalSection
	GlobalSection(ExtensibilityGlobals) = postSolution
		SolutionGuid = {62C6F3EC-59AA-4889-8012-7D563EC6EEC4}
	EndGlobalSection
EndGlobal
